// !$*UTF8*$!
{
	archiveVersion = 1;
	classes = {
	};
	objectVersion = 48;
	objects = {

/* Begin PBXBuildFile section */
		27185D3420628D2600469807 /* AppDelegate.swift in Sources */ = {isa = PBXBuildFile; fileRef = 27185D3320628D2600469807 /* AppDelegate.swift */; };
		27185D3920628D2600469807 /* Main.storyboard in Resources */ = {isa = PBXBuildFile; fileRef = 27185D3720628D2600469807 /* Main.storyboard */; };
		27185D3C20628D2600469807 /* SAIOT.xcdatamodeld in Sources */ = {isa = PBXBuildFile; fileRef = 27185D3A20628D2600469807 /* SAIOT.xcdatamodeld */; };
		27185D3E20628D2600469807 /* Assets.xcassets in Resources */ = {isa = PBXBuildFile; fileRef = 27185D3D20628D2600469807 /* Assets.xcassets */; };
		27185D4120628D2600469807 /* LaunchScreen.storyboard in Resources */ = {isa = PBXBuildFile; fileRef = 27185D3F20628D2600469807 /* LaunchScreen.storyboard */; };
		273A0DE32099D2C70093D481 /* DetailGraph.xib in Resources */ = {isa = PBXBuildFile; fileRef = 273A0DE22099D2C70093D481 /* DetailGraph.xib */; };
		273A0DE52099D2D90093D481 /* DetailGraph.swift in Sources */ = {isa = PBXBuildFile; fileRef = 273A0DE42099D2D90093D481 /* DetailGraph.swift */; };
		2741DDB72073C8FA0064F312 /* ColorCode.swift in Sources */ = {isa = PBXBuildFile; fileRef = 2741DDB62073C8FA0064F312 /* ColorCode.swift */; };
		2741DDBA2073CFA60064F312 /* HomeViewController.swift in Sources */ = {isa = PBXBuildFile; fileRef = 2741DDB92073CFA60064F312 /* HomeViewController.swift */; };
		2741DDBC2073CFB20064F312 /* RemoteViewController.swift in Sources */ = {isa = PBXBuildFile; fileRef = 2741DDBB2073CFB20064F312 /* RemoteViewController.swift */; };
		2741DDBE2073CFC40064F312 /* SettingViewController.swift in Sources */ = {isa = PBXBuildFile; fileRef = 2741DDBD2073CFC40064F312 /* SettingViewController.swift */; };
		274AC2062098342F0049B133 /* ParserStruct.swift in Sources */ = {isa = PBXBuildFile; fileRef = 274AC2052098342F0049B133 /* ParserStruct.swift */; };
		275F3A132096F5490002FF77 /* GraphSet.swift in Sources */ = {isa = PBXBuildFile; fileRef = 275F3A122096F5490002FF77 /* GraphSet.swift */; };
		275F3A172097341C0002FF77 /* ParserJSON.swift in Sources */ = {isa = PBXBuildFile; fileRef = 275F3A162097341C0002FF77 /* ParserJSON.swift */; };
		277AE5EA20693ED0009553D9 /* RemoteStoryboard.storyboard in Resources */ = {isa = PBXBuildFile; fileRef = 277AE5E920693ED0009553D9 /* RemoteStoryboard.storyboard */; };
		277AE5EC20693EE7009553D9 /* OutSideStoryboard.storyboard in Resources */ = {isa = PBXBuildFile; fileRef = 277AE5EB20693EE7009553D9 /* OutSideStoryboard.storyboard */; };
		277AE5EE20693EFD009553D9 /* SettingStoryboard.storyboard in Resources */ = {isa = PBXBuildFile; fileRef = 277AE5ED20693EFD009553D9 /* SettingStoryboard.storyboard */; };
		277E096E209E0DBD00F190FC /* NibINFO.swift in Sources */ = {isa = PBXBuildFile; fileRef = 277E096D209E0DBD00F190FC /* NibINFO.swift */; };
		277E0970209E0F4B00F190FC /* GoogleService-Info.plist in Resources */ = {isa = PBXBuildFile; fileRef = 277E096F209E0F4B00F190FC /* GoogleService-Info.plist */; };
		2782E9DC206CA94900EFF1BE /* OutSideViewController.swift in Sources */ = {isa = PBXBuildFile; fileRef = 2782E9DB206CA94900EFF1BE /* OutSideViewController.swift */; };
		27923DE920865DEF00516EEB /* PhilipsHueBridge.swift in Sources */ = {isa = PBXBuildFile; fileRef = 27923DE820865DEF00516EEB /* PhilipsHueBridge.swift */; };
		27B376DB208501DC009AE9AC /* DetailHue.xib in Resources */ = {isa = PBXBuildFile; fileRef = 27B376DA208501DC009AE9AC /* DetailHue.xib */; };
		27B376DD20850900009AE9AC /* DetailHue.swift in Sources */ = {isa = PBXBuildFile; fileRef = 27B376DC20850900009AE9AC /* DetailHue.swift */; };
		27B57A3B209B1044005FE84B /* PressHueBridge.xib in Resources */ = {isa = PBXBuildFile; fileRef = 27B57A3A209B1044005FE84B /* PressHueBridge.xib */; };
		27B57A3D209B1054005FE84B /* PressHueBridge.swift in Sources */ = {isa = PBXBuildFile; fileRef = 27B57A3C209B1054005FE84B /* PressHueBridge.swift */; };
		27F85AF92071403B00FFE763 /* HomeStoryboard.storyboard in Resources */ = {isa = PBXBuildFile; fileRef = 27F85AF82071403B00FFE763 /* HomeStoryboard.storyboard */; };
		FB1F3D1B9823B130E37A4476 /* Pods_SAIOT.framework in Frameworks */ = {isa = PBXBuildFile; fileRef = 397CE0EC1A0F803942D5E158 /* Pods_SAIOT.framework */; };
/* End PBXBuildFile section */

/* Begin PBXFileReference section */
		06503B470310F5E9F6EB1233 /* Pods-SAIOT.debug.xcconfig */ = {isa = PBXFileReference; includeInIndex = 1; lastKnownFileType = text.xcconfig; name = "Pods-SAIOT.debug.xcconfig"; path = "Pods/Target Support Files/Pods-SAIOT/Pods-SAIOT.debug.xcconfig"; sourceTree = "<group>"; };
		27185D3020628D2600469807 /* SAIOT.app */ = {isa = PBXFileReference; explicitFileType = wrapper.application; includeInIndex = 0; path = SAIOT.app; sourceTree = BUILT_PRODUCTS_DIR; };
		27185D3320628D2600469807 /* AppDelegate.swift */ = {isa = PBXFileReference; lastKnownFileType = sourcecode.swift; path = AppDelegate.swift; sourceTree = "<group>"; };
		27185D3820628D2600469807 /* Base */ = {isa = PBXFileReference; lastKnownFileType = file.storyboard; name = Base; path = Base.lproj/Main.storyboard; sourceTree = "<group>"; };
		27185D3B20628D2600469807 /* SAIOT.xcdatamodel */ = {isa = PBXFileReference; lastKnownFileType = wrapper.xcdatamodel; path = SAIOT.xcdatamodel; sourceTree = "<group>"; };
		27185D3D20628D2600469807 /* Assets.xcassets */ = {isa = PBXFileReference; lastKnownFileType = folder.assetcatalog; path = Assets.xcassets; sourceTree = "<group>"; };
		27185D4020628D2600469807 /* Base */ = {isa = PBXFileReference; lastKnownFileType = file.storyboard; name = Base; path = Base.lproj/LaunchScreen.storyboard; sourceTree = "<group>"; };
		27185D4220628D2600469807 /* Info.plist */ = {isa = PBXFileReference; lastKnownFileType = text.plist.xml; path = Info.plist; sourceTree = "<group>"; };
		273A0DE22099D2C70093D481 /* DetailGraph.xib */ = {isa = PBXFileReference; lastKnownFileType = file.xib; path = DetailGraph.xib; sourceTree = "<group>"; };
		273A0DE42099D2D90093D481 /* DetailGraph.swift */ = {isa = PBXFileReference; lastKnownFileType = sourcecode.swift; path = DetailGraph.swift; sourceTree = "<group>"; };
		2741DDB62073C8FA0064F312 /* ColorCode.swift */ = {isa = PBXFileReference; lastKnownFileType = sourcecode.swift; path = ColorCode.swift; sourceTree = "<group>"; };
		2741DDB92073CFA60064F312 /* HomeViewController.swift */ = {isa = PBXFileReference; lastKnownFileType = sourcecode.swift; path = HomeViewController.swift; sourceTree = "<group>"; };
		2741DDBB2073CFB20064F312 /* RemoteViewController.swift */ = {isa = PBXFileReference; lastKnownFileType = sourcecode.swift; path = RemoteViewController.swift; sourceTree = "<group>"; };
		2741DDBD2073CFC40064F312 /* SettingViewController.swift */ = {isa = PBXFileReference; lastKnownFileType = sourcecode.swift; path = SettingViewController.swift; sourceTree = "<group>"; };
		274AC2052098342F0049B133 /* ParserStruct.swift */ = {isa = PBXFileReference; lastKnownFileType = sourcecode.swift; path = ParserStruct.swift; sourceTree = "<group>"; };
		275F3A122096F5490002FF77 /* GraphSet.swift */ = {isa = PBXFileReference; lastKnownFileType = sourcecode.swift; path = GraphSet.swift; sourceTree = "<group>"; };
		275F3A162097341C0002FF77 /* ParserJSON.swift */ = {isa = PBXFileReference; lastKnownFileType = sourcecode.swift; path = ParserJSON.swift; sourceTree = "<group>"; };
		277AE5E920693ED0009553D9 /* RemoteStoryboard.storyboard */ = {isa = PBXFileReference; lastKnownFileType = file.storyboard; path = RemoteStoryboard.storyboard; sourceTree = "<group>"; };
		277AE5EB20693EE7009553D9 /* OutSideStoryboard.storyboard */ = {isa = PBXFileReference; lastKnownFileType = file.storyboard; path = OutSideStoryboard.storyboard; sourceTree = "<group>"; };
		277AE5ED20693EFD009553D9 /* SettingStoryboard.storyboard */ = {isa = PBXFileReference; lastKnownFileType = file.storyboard; path = SettingStoryboard.storyboard; sourceTree = "<group>"; };
		277E096D209E0DBD00F190FC /* NibINFO.swift */ = {isa = PBXFileReference; lastKnownFileType = sourcecode.swift; path = NibINFO.swift; sourceTree = "<group>"; };
		277E096F209E0F4B00F190FC /* GoogleService-Info.plist */ = {isa = PBXFileReference; fileEncoding = 4; lastKnownFileType = text.plist.xml; path = "GoogleService-Info.plist"; sourceTree = "<group>"; };
		2782E9DB206CA94900EFF1BE /* OutSideViewController.swift */ = {isa = PBXFileReference; lastKnownFileType = sourcecode.swift; path = OutSideViewController.swift; sourceTree = "<group>"; };
		27923DE820865DEF00516EEB /* PhilipsHueBridge.swift */ = {isa = PBXFileReference; lastKnownFileType = sourcecode.swift; path = PhilipsHueBridge.swift; sourceTree = "<group>"; };
		27B376DA208501DC009AE9AC /* DetailHue.xib */ = {isa = PBXFileReference; lastKnownFileType = file.xib; path = DetailHue.xib; sourceTree = "<group>"; };
		27B376DC20850900009AE9AC /* DetailHue.swift */ = {isa = PBXFileReference; lastKnownFileType = sourcecode.swift; path = DetailHue.swift; sourceTree = "<group>"; };
		27B57A3A209B1044005FE84B /* PressHueBridge.xib */ = {isa = PBXFileReference; lastKnownFileType = file.xib; path = PressHueBridge.xib; sourceTree = "<group>"; };
		27B57A3C209B1054005FE84B /* PressHueBridge.swift */ = {isa = PBXFileReference; lastKnownFileType = sourcecode.swift; path = PressHueBridge.swift; sourceTree = "<group>"; };
		27F85AF82071403B00FFE763 /* HomeStoryboard.storyboard */ = {isa = PBXFileReference; lastKnownFileType = file.storyboard; path = HomeStoryboard.storyboard; sourceTree = "<group>"; };
		397CE0EC1A0F803942D5E158 /* Pods_SAIOT.framework */ = {isa = PBXFileReference; explicitFileType = wrapper.framework; includeInIndex = 0; path = Pods_SAIOT.framework; sourceTree = BUILT_PRODUCTS_DIR; };
		EB8584840B623EF40E58D2CB /* Pods-SAIOT.release.xcconfig */ = {isa = PBXFileReference; includeInIndex = 1; lastKnownFileType = text.xcconfig; name = "Pods-SAIOT.release.xcconfig"; path = "Pods/Target Support Files/Pods-SAIOT/Pods-SAIOT.release.xcconfig"; sourceTree = "<group>"; };
/* End PBXFileReference section */

/* Begin PBXFrameworksBuildPhase section */
		27185D2D20628D2600469807 /* Frameworks */ = {
			isa = PBXFrameworksBuildPhase;
			buildActionMask = 2147483647;
			files = (
				FB1F3D1B9823B130E37A4476 /* Pods_SAIOT.framework in Frameworks */,
			);
			runOnlyForDeploymentPostprocessing = 0;
		};
/* End PBXFrameworksBuildPhase section */

/* Begin PBXGroup section */
		27185D2720628D2600469807 = {
			isa = PBXGroup;
			children = (
				27185D3220628D2600469807 /* SAIOT */,
				27185D3120628D2600469807 /* Products */,
				DFF0DCB996A2B862281E6CC3 /* Pods */,
				3FD24DFD2ABB3961B6C45A00 /* Frameworks */,
			);
			sourceTree = "<group>";
		};
		27185D3120628D2600469807 /* Products */ = {
			isa = PBXGroup;
			children = (
				27185D3020628D2600469807 /* SAIOT.app */,
			);
			name = Products;
			sourceTree = "<group>";
		};
		27185D3220628D2600469807 /* SAIOT */ = {
			isa = PBXGroup;
			children = (
				2741DDB82073C8FE0064F312 /* Public */,
				275F3A15209733DB0002FF77 /* PhillpsHue */,
				275F3A14209733C90002FF77 /* Network */,
				27B376D92085019D009AE9AC /* Nib */,
				27185D4A2062904300469807 /* StroyBoard */,
				27185D492062903100469807 /* ViewController */,
				27185D4820628FE100469807 /* Surport Files */,
				27185D3320628D2600469807 /* AppDelegate.swift */,
				27185D4220628D2600469807 /* Info.plist */,
				277E096F209E0F4B00F190FC /* GoogleService-Info.plist */,
			);
			path = SAIOT;
			sourceTree = "<group>";
		};
		27185D4820628FE100469807 /* Surport Files */ = {
			isa = PBXGroup;
			children = (
				27185D3D20628D2600469807 /* Assets.xcassets */,
				27185D3F20628D2600469807 /* LaunchScreen.storyboard */,
				27185D3A20628D2600469807 /* SAIOT.xcdatamodeld */,
			);
			path = "Surport Files";
			sourceTree = "<group>";
		};
		27185D492062903100469807 /* ViewController */ = {
			isa = PBXGroup;
			children = (
				2741DDB92073CFA60064F312 /* HomeViewController.swift */,
				2741DDBB2073CFB20064F312 /* RemoteViewController.swift */,
				2782E9DB206CA94900EFF1BE /* OutSideViewController.swift */,
				2741DDBD2073CFC40064F312 /* SettingViewController.swift */,
			);
			path = ViewController;
			sourceTree = "<group>";
		};
		27185D4A2062904300469807 /* StroyBoard */ = {
			isa = PBXGroup;
			children = (
				27185D3720628D2600469807 /* Main.storyboard */,
				27F85AF82071403B00FFE763 /* HomeStoryboard.storyboard */,
				277AE5E920693ED0009553D9 /* RemoteStoryboard.storyboard */,
				277AE5EB20693EE7009553D9 /* OutSideStoryboard.storyboard */,
				277AE5ED20693EFD009553D9 /* SettingStoryboard.storyboard */,
			);
			path = StroyBoard;
			sourceTree = "<group>";
		};
		2741DDB82073C8FE0064F312 /* Public */ = {
			isa = PBXGroup;
			children = (
				2741DDB62073C8FA0064F312 /* ColorCode.swift */,
				275F3A122096F5490002FF77 /* GraphSet.swift */,
			);
			path = Public;
			sourceTree = "<group>";
		};
		275F3A14209733C90002FF77 /* Network */ = {
			isa = PBXGroup;
			children = (
				275F3A162097341C0002FF77 /* ParserJSON.swift */,
				274AC2052098342F0049B133 /* ParserStruct.swift */,
			);
			path = Network;
			sourceTree = "<group>";
		};
		275F3A15209733DB0002FF77 /* PhillpsHue */ = {
			isa = PBXGroup;
			children = (
				27923DE820865DEF00516EEB /* PhilipsHueBridge.swift */,
			);
			path = PhillpsHue;
			sourceTree = "<group>";
		};
		27B376D92085019D009AE9AC /* Nib */ = {
			isa = PBXGroup;
			children = (
				27B376DA208501DC009AE9AC /* DetailHue.xib */,
				27B376DC20850900009AE9AC /* DetailHue.swift */,
				273A0DE22099D2C70093D481 /* DetailGraph.xib */,
				273A0DE42099D2D90093D481 /* DetailGraph.swift */,
				27B57A3A209B1044005FE84B /* PressHueBridge.xib */,
				27B57A3C209B1054005FE84B /* PressHueBridge.swift */,
				277E096D209E0DBD00F190FC /* NibINFO.swift */,
			);
			path = Nib;
			sourceTree = "<group>";
		};
		3FD24DFD2ABB3961B6C45A00 /* Frameworks */ = {
			isa = PBXGroup;
			children = (
				397CE0EC1A0F803942D5E158 /* Pods_SAIOT.framework */,
			);
			name = Frameworks;
			sourceTree = "<group>";
		};
		DFF0DCB996A2B862281E6CC3 /* Pods */ = {
			isa = PBXGroup;
			children = (
				06503B470310F5E9F6EB1233 /* Pods-SAIOT.debug.xcconfig */,
				EB8584840B623EF40E58D2CB /* Pods-SAIOT.release.xcconfig */,
			);
			name = Pods;
			sourceTree = "<group>";
		};
/* End PBXGroup section */

/* Begin PBXNativeTarget section */
		27185D2F20628D2600469807 /* SAIOT */ = {
			isa = PBXNativeTarget;
			buildConfigurationList = 27185D4520628D2600469807 /* Build configuration list for PBXNativeTarget "SAIOT" */;
			buildPhases = (
				38C32A6172ED572C99128C66 /* [CP] Check Pods Manifest.lock */,
				27185D2C20628D2600469807 /* Sources */,
				27185D2D20628D2600469807 /* Frameworks */,
				27185D2E20628D2600469807 /* Resources */,
				674A09224F71402D8035F1F9 /* [CP] Embed Pods Frameworks */,
				FD06E22E5C7CC8D6C84096D6 /* [CP] Copy Pods Resources */,
			);
			buildRules = (
			);
			dependencies = (
			);
			name = SAIOT;
			productName = SAIOT;
			productReference = 27185D3020628D2600469807 /* SAIOT.app */;
			productType = "com.apple.product-type.application";
		};
/* End PBXNativeTarget section */

/* Begin PBXProject section */
		27185D2820628D2600469807 /* Project object */ = {
			isa = PBXProject;
			attributes = {
				LastSwiftUpdateCheck = 0920;
				LastUpgradeCheck = 0920;
				ORGANIZATIONNAME = "Yang-Chang-Yeop";
				TargetAttributes = {
					27185D2F20628D2600469807 = {
						CreatedOnToolsVersion = 9.2;
						ProvisioningStyle = Automatic;
					};
				};
			};
			buildConfigurationList = 27185D2B20628D2600469807 /* Build configuration list for PBXProject "SAIOT" */;
			compatibilityVersion = "Xcode 8.0";
			developmentRegion = en;
			hasScannedForEncodings = 0;
			knownRegions = (
				en,
				Base,
			);
			mainGroup = 27185D2720628D2600469807;
			productRefGroup = 27185D3120628D2600469807 /* Products */;
			projectDirPath = "";
			projectRoot = "";
			targets = (
				27185D2F20628D2600469807 /* SAIOT */,
			);
		};
/* End PBXProject section */

/* Begin PBXResourcesBuildPhase section */
		27185D2E20628D2600469807 /* Resources */ = {
			isa = PBXResourcesBuildPhase;
			buildActionMask = 2147483647;
			files = (
				277AE5EE20693EFD009553D9 /* SettingStoryboard.storyboard in Resources */,
				27B57A3B209B1044005FE84B /* PressHueBridge.xib in Resources */,
				27185D4120628D2600469807 /* LaunchScreen.storyboard in Resources */,
				277AE5EC20693EE7009553D9 /* OutSideStoryboard.storyboard in Resources */,
				27B376DB208501DC009AE9AC /* DetailHue.xib in Resources */,
				27185D3E20628D2600469807 /* Assets.xcassets in Resources */,
				273A0DE32099D2C70093D481 /* DetailGraph.xib in Resources */,
				27F85AF92071403B00FFE763 /* HomeStoryboard.storyboard in Resources */,
				277E0970209E0F4B00F190FC /* GoogleService-Info.plist in Resources */,
				277AE5EA20693ED0009553D9 /* RemoteStoryboard.storyboard in Resources */,
				27185D3920628D2600469807 /* Main.storyboard in Resources */,
			);
			runOnlyForDeploymentPostprocessing = 0;
		};
/* End PBXResourcesBuildPhase section */

/* Begin PBXShellScriptBuildPhase section */
		38C32A6172ED572C99128C66 /* [CP] Check Pods Manifest.lock */ = {
			isa = PBXShellScriptBuildPhase;
			buildActionMask = 2147483647;
			files = (
			);
			inputPaths = (
				"${PODS_PODFILE_DIR_PATH}/Podfile.lock",
				"${PODS_ROOT}/Manifest.lock",
			);
			name = "[CP] Check Pods Manifest.lock";
			outputPaths = (
				"$(DERIVED_FILE_DIR)/Pods-SAIOT-checkManifestLockResult.txt",
			);
			runOnlyForDeploymentPostprocessing = 0;
			shellPath = /bin/sh;
			shellScript = "diff \"${PODS_PODFILE_DIR_PATH}/Podfile.lock\" \"${PODS_ROOT}/Manifest.lock\" > /dev/null\nif [ $? != 0 ] ; then\n    # print error to STDERR\n    echo \"error: The sandbox is not in sync with the Podfile.lock. Run 'pod install' or update your CocoaPods installation.\" >&2\n    exit 1\nfi\n# This output is used by Xcode 'outputs' to avoid re-running this script phase.\necho \"SUCCESS\" > \"${SCRIPT_OUTPUT_FILE_0}\"\n";
			showEnvVarsInLog = 0;
		};
		674A09224F71402D8035F1F9 /* [CP] Embed Pods Frameworks */ = {
			isa = PBXShellScriptBuildPhase;
			buildActionMask = 2147483647;
			files = (
			);
			inputPaths = (
				"${SRCROOT}/Pods/Target Support Files/Pods-SAIOT/Pods-SAIOT-frameworks.sh",
				"${BUILT_PRODUCTS_DIR}/Alamofire/Alamofire.framework",
				"${BUILT_PRODUCTS_DIR}/CocoaAsyncSocket/CocoaAsyncSocket.framework",
				"${BUILT_PRODUCTS_DIR}/Gloss/Gloss.framework",
				"${BUILT_PRODUCTS_DIR}/GoogleToolboxForMac/GoogleToolboxForMac.framework",
				"${BUILT_PRODUCTS_DIR}/ScrollableGraphView/ScrollableGraphView.framework",
				"${BUILT_PRODUCTS_DIR}/SwiftyHue/SwiftyHue.framework",
				"${BUILT_PRODUCTS_DIR}/nanopb/nanopb.framework",
			);
			name = "[CP] Embed Pods Frameworks";
			outputPaths = (
				"${TARGET_BUILD_DIR}/${FRAMEWORKS_FOLDER_PATH}/Alamofire.framework",
				"${TARGET_BUILD_DIR}/${FRAMEWORKS_FOLDER_PATH}/CocoaAsyncSocket.framework",
				"${TARGET_BUILD_DIR}/${FRAMEWORKS_FOLDER_PATH}/Gloss.framework",
				"${TARGET_BUILD_DIR}/${FRAMEWORKS_FOLDER_PATH}/GoogleToolboxForMac.framework",
				"${TARGET_BUILD_DIR}/${FRAMEWORKS_FOLDER_PATH}/ScrollableGraphView.framework",
				"${TARGET_BUILD_DIR}/${FRAMEWORKS_FOLDER_PATH}/SwiftyHue.framework",
				"${TARGET_BUILD_DIR}/${FRAMEWORKS_FOLDER_PATH}/nanopb.framework",
			);
			runOnlyForDeploymentPostprocessing = 0;
			shellPath = /bin/sh;
			shellScript = "\"${SRCROOT}/Pods/Target Support Files/Pods-SAIOT/Pods-SAIOT-frameworks.sh\"\n";
			showEnvVarsInLog = 0;
		};
		FD06E22E5C7CC8D6C84096D6 /* [CP] Copy Pods Resources */ = {
			isa = PBXShellScriptBuildPhase;
			buildActionMask = 2147483647;
			files = (
			);
			inputPaths = (
			);
			name = "[CP] Copy Pods Resources";
			outputPaths = (
			);
			runOnlyForDeploymentPostprocessing = 0;
			shellPath = /bin/sh;
			shellScript = "\"${SRCROOT}/Pods/Target Support Files/Pods-SAIOT/Pods-SAIOT-resources.sh\"\n";
			showEnvVarsInLog = 0;
		};
/* End PBXShellScriptBuildPhase section */

/* Begin PBXSourcesBuildPhase section */
		27185D2C20628D2600469807 /* Sources */ = {
			isa = PBXSourcesBuildPhase;
			buildActionMask = 2147483647;
			files = (
				27185D3C20628D2600469807 /* SAIOT.xcdatamodeld in Sources */,
				275F3A172097341C0002FF77 /* ParserJSON.swift in Sources */,
				277E096E209E0DBD00F190FC /* NibINFO.swift in Sources */,
				273A0DE52099D2D90093D481 /* DetailGraph.swift in Sources */,
				2782E9DC206CA94900EFF1BE /* OutSideViewController.swift in Sources */,
				2741DDB72073C8FA0064F312 /* ColorCode.swift in Sources */,
				2741DDBA2073CFA60064F312 /* HomeViewController.swift in Sources */,
				27185D3420628D2600469807 /* AppDelegate.swift in Sources */,
				27923DE920865DEF00516EEB /* PhilipsHueBridge.swift in Sources */,
				2741DDBC2073CFB20064F312 /* RemoteViewController.swift in Sources */,
				2741DDBE2073CFC40064F312 /* SettingViewController.swift in Sources */,
				27B376DD20850900009AE9AC /* DetailHue.swift in Sources */,
				275F3A132096F5490002FF77 /* GraphSet.swift in Sources */,
				274AC2062098342F0049B133 /* ParserStruct.swift in Sources */,
				27B57A3D209B1054005FE84B /* PressHueBridge.swift in Sources */,
			);
			runOnlyForDeploymentPostprocessing = 0;
		};
/* End PBXSourcesBuildPhase section */

/* Begin PBXVariantGroup section */
		27185D3720628D2600469807 /* Main.storyboard */ = {
			isa = PBXVariantGroup;
			children = (
				27185D3820628D2600469807 /* Base */,
			);
			name = Main.storyboard;
			sourceTree = "<group>";
		};
		27185D3F20628D2600469807 /* LaunchScreen.storyboard */ = {
			isa = PBXVariantGroup;
			children = (
				27185D4020628D2600469807 /* Base */,
			);
			name = LaunchScreen.storyboard;
			sourceTree = "<group>";
		};
/* End PBXVariantGroup section */

/* Begin XCBuildConfiguration section */
		27185D4320628D2600469807 /* Debug */ = {
			isa = XCBuildConfiguration;
			buildSettings = {
				ALWAYS_SEARCH_USER_PATHS = NO;
				CLANG_ANALYZER_NONNULL = YES;
				CLANG_ANALYZER_NUMBER_OBJECT_CONVERSION = YES_AGGRESSIVE;
				CLANG_CXX_LANGUAGE_STANDARD = "gnu++14";
				CLANG_CXX_LIBRARY = "libc++";
				CLANG_ENABLE_MODULES = YES;
				CLANG_ENABLE_OBJC_ARC = YES;
				CLANG_WARN_BLOCK_CAPTURE_AUTORELEASING = YES;
				CLANG_WARN_BOOL_CONVERSION = YES;
				CLANG_WARN_COMMA = YES;
				CLANG_WARN_CONSTANT_CONVERSION = YES;
				CLANG_WARN_DIRECT_OBJC_ISA_USAGE = YES_ERROR;
				CLANG_WARN_DOCUMENTATION_COMMENTS = YES;
				CLANG_WARN_EMPTY_BODY = YES;
				CLANG_WARN_ENUM_CONVERSION = YES;
				CLANG_WARN_INFINITE_RECURSION = YES;
				CLANG_WARN_INT_CONVERSION = YES;
				CLANG_WARN_NON_LITERAL_NULL_CONVERSION = YES;
				CLANG_WARN_OBJC_LITERAL_CONVERSION = YES;
				CLANG_WARN_OBJC_ROOT_CLASS = YES_ERROR;
				CLANG_WARN_RANGE_LOOP_ANALYSIS = YES;
				CLANG_WARN_STRICT_PROTOTYPES = YES;
				CLANG_WARN_SUSPICIOUS_MOVE = YES;
				CLANG_WARN_UNGUARDED_AVAILABILITY = YES_AGGRESSIVE;
				CLANG_WARN_UNREACHABLE_CODE = YES;
				CLANG_WARN__DUPLICATE_METHOD_MATCH = YES;
				CODE_SIGN_IDENTITY = "iPhone Developer";
				COPY_PHASE_STRIP = NO;
				DEBUG_INFORMATION_FORMAT = dwarf;
				ENABLE_STRICT_OBJC_MSGSEND = YES;
				ENABLE_TESTABILITY = YES;
				GCC_C_LANGUAGE_STANDARD = gnu11;
				GCC_DYNAMIC_NO_PIC = NO;
				GCC_NO_COMMON_BLOCKS = YES;
				GCC_OPTIMIZATION_LEVEL = 0;
				GCC_PREPROCESSOR_DEFINITIONS = (
					"DEBUG=1",
					"$(inherited)",
				);
				GCC_WARN_64_TO_32_BIT_CONVERSION = YES;
				GCC_WARN_ABOUT_RETURN_TYPE = YES_ERROR;
				GCC_WARN_UNDECLARED_SELECTOR = YES;
				GCC_WARN_UNINITIALIZED_AUTOS = YES_AGGRESSIVE;
				GCC_WARN_UNUSED_FUNCTION = YES;
				GCC_WARN_UNUSED_VARIABLE = YES;
				IPHONEOS_DEPLOYMENT_TARGET = 11.2;
				MTL_ENABLE_DEBUG_INFO = YES;
				ONLY_ACTIVE_ARCH = YES;
				SDKROOT = iphoneos;
				SWIFT_ACTIVE_COMPILATION_CONDITIONS = DEBUG;
				SWIFT_OPTIMIZATION_LEVEL = "-Onone";
			};
			name = Debug;
		};
		27185D4420628D2600469807 /* Release */ = {
			isa = XCBuildConfiguration;
			buildSettings = {
				ALWAYS_SEARCH_USER_PATHS = NO;
				CLANG_ANALYZER_NONNULL = YES;
				CLANG_ANALYZER_NUMBER_OBJECT_CONVERSION = YES_AGGRESSIVE;
				CLANG_CXX_LANGUAGE_STANDARD = "gnu++14";
				CLANG_CXX_LIBRARY = "libc++";
				CLANG_ENABLE_MODULES = YES;
				CLANG_ENABLE_OBJC_ARC = YES;
				CLANG_WARN_BLOCK_CAPTURE_AUTORELEASING = YES;
				CLANG_WARN_BOOL_CONVERSION = YES;
				CLANG_WARN_COMMA = YES;
				CLANG_WARN_CONSTANT_CONVERSION = YES;
				CLANG_WARN_DIRECT_OBJC_ISA_USAGE = YES_ERROR;
				CLANG_WARN_DOCUMENTATION_COMMENTS = YES;
				CLANG_WARN_EMPTY_BODY = YES;
				CLANG_WARN_ENUM_CONVERSION = YES;
				CLANG_WARN_INFINITE_RECURSION = YES;
				CLANG_WARN_INT_CONVERSION = YES;
				CLANG_WARN_NON_LITERAL_NULL_CONVERSION = YES;
				CLANG_WARN_OBJC_LITERAL_CONVERSION = YES;
				CLANG_WARN_OBJC_ROOT_CLASS = YES_ERROR;
				CLANG_WARN_RANGE_LOOP_ANALYSIS = YES;
				CLANG_WARN_STRICT_PROTOTYPES = YES;
				CLANG_WARN_SUSPICIOUS_MOVE = YES;
				CLANG_WARN_UNGUARDED_AVAILABILITY = YES_AGGRESSIVE;
				CLANG_WARN_UNREACHABLE_CODE = YES;
				CLANG_WARN__DUPLICATE_METHOD_MATCH = YES;
				CODE_SIGN_IDENTITY = "iPhone Developer";
				COPY_PHASE_STRIP = NO;
				DEBUG_INFORMATION_FORMAT = "dwarf-with-dsym";
				ENABLE_NS_ASSERTIONS = NO;
				ENABLE_STRICT_OBJC_MSGSEND = YES;
				GCC_C_LANGUAGE_STANDARD = gnu11;
				GCC_NO_COMMON_BLOCKS = YES;
				GCC_WARN_64_TO_32_BIT_CONVERSION = YES;
				GCC_WARN_ABOUT_RETURN_TYPE = YES_ERROR;
				GCC_WARN_UNDECLARED_SELECTOR = YES;
				GCC_WARN_UNINITIALIZED_AUTOS = YES_AGGRESSIVE;
				GCC_WARN_UNUSED_FUNCTION = YES;
				GCC_WARN_UNUSED_VARIABLE = YES;
				IPHONEOS_DEPLOYMENT_TARGET = 11.2;
				MTL_ENABLE_DEBUG_INFO = NO;
				SDKROOT = iphoneos;
				SWIFT_OPTIMIZATION_LEVEL = "-Owholemodule";
				VALIDATE_PRODUCT = YES;
			};
			name = Release;
		};
		27185D4620628D2600469807 /* Debug */ = {
			isa = XCBuildConfiguration;
			baseConfigurationReference = 06503B470310F5E9F6EB1233 /* Pods-SAIOT.debug.xcconfig */;
			buildSettings = {
				ASSETCATALOG_COMPILER_APPICON_NAME = AppIcon;
				CODE_SIGN_STYLE = Automatic;
				DEVELOPMENT_TEAM = G325PL7HW2;
				INFOPLIST_FILE = SAIOT/Info.plist;
				LD_RUNPATH_SEARCH_PATHS = "$(inherited) @executable_path/Frameworks";
				PRODUCT_BUNDLE_IDENTIFIER = me.blog.yeop9657.SAIOT;
				PRODUCT_NAME = "$(TARGET_NAME)";
				SWIFT_VERSION = 4.0;
				TARGETED_DEVICE_FAMILY = "1,2";
			};
			name = Debug;
		};
		27185D4720628D2600469807 /* Release */ = {
			isa = XCBuildConfiguration;
			baseConfigurationReference = EB8584840B623EF40E58D2CB /* Pods-SAIOT.release.xcconfig */;
			buildSettings = {
				ASSETCATALOG_COMPILER_APPICON_NAME = AppIcon;
				CODE_SIGN_STYLE = Automatic;
				DEVELOPMENT_TEAM = G325PL7HW2;
				INFOPLIST_FILE = SAIOT/Info.plist;
				LD_RUNPATH_SEARCH_PATHS = "$(inherited) @executable_path/Frameworks";
				PRODUCT_BUNDLE_IDENTIFIER = me.blog.yeop9657.SAIOT;
				PRODUCT_NAME = "$(TARGET_NAME)";
				SWIFT_VERSION = 4.0;
				TARGETED_DEVICE_FAMILY = "1,2";
			};
			name = Release;
		};
/* End XCBuildConfiguration section */

/* Begin XCConfigurationList section */
		27185D2B20628D2600469807 /* Build configuration list for PBXProject "SAIOT" */ = {
			isa = XCConfigurationList;
			buildConfigurations = (
				27185D4320628D2600469807 /* Debug */,
				27185D4420628D2600469807 /* Release */,
			);
			defaultConfigurationIsVisible = 0;
			defaultConfigurationName = Release;
		};
		27185D4520628D2600469807 /* Build configuration list for PBXNativeTarget "SAIOT" */ = {
			isa = XCConfigurationList;
			buildConfigurations = (
				27185D4620628D2600469807 /* Debug */,
				27185D4720628D2600469807 /* Release */,
			);
			defaultConfigurationIsVisible = 0;
			defaultConfigurationName = Release;
		};
/* End XCConfigurationList section */

/* Begin XCVersionGroup section */
		27185D3A20628D2600469807 /* SAIOT.xcdatamodeld */ = {
			isa = XCVersionGroup;
			children = (
				27185D3B20628D2600469807 /* SAIOT.xcdatamodel */,
			);
			currentVersion = 27185D3B20628D2600469807 /* SAIOT.xcdatamodel */;
			path = SAIOT.xcdatamodeld;
			sourceTree = "<group>";
			versionGroupType = wrapper.xcdatamodel;
		};
/* End XCVersionGroup section */
	};
	rootObject = 27185D2820628D2600469807 /* Project object */;
}
