
Microsoft Visual Studio Solution File, Format Version 12.00
# Visual Studio 15
VisualStudioVersion = 15.0.27130.2003
MinimumVisualStudioVersion = 10.0.40219.1
Project("{9092AA53-FB77-4645-B42D-1CCCA6BD08BD}") = "SAIoT WebServer", "SAIoT WebServer\SAIoT WebServer.njsproj", "{9B30DA47-7BA1-4427-8E89-2404934DAE7A}"
EndProject
Global
	GlobalSection(SolutionConfigurationPlatforms) = preSolution
		Debug|Any CPU = Debug|Any CPU
		Release|Any CPU = Release|Any CPU
	EndGlobalSection
	GlobalSection(ProjectConfigurationPlatforms) = postSolution
		{9B30DA47-7BA1-4427-8E89-2404934DAE7A}.Debug|Any CPU.ActiveCfg = Debug|Any CPU
		{9B30DA47-7BA1-4427-8E89-2404934DAE7A}.Debug|Any CPU.Build.0 = Debug|Any CPU
		{9B30DA47-7BA1-4427-8E89-2404934DAE7A}.Release|Any CPU.ActiveCfg = Release|Any CPU
		{9B30DA47-7BA1-4427-8E89-2404934DAE7A}.Release|Any CPU.Build.0 = Release|Any CPU
	EndGlobalSection
	GlobalSection(SolutionProperties) = preSolution
		HideSolutionNode = FALSE
	EndGlobalSection
	GlobalSection(ExtensibilityGlobals) = postSolution
		SolutionGuid = {AD0AF738-5688-4B3E-AA6B-466735020E0A}
	EndGlobalSection
EndGlobal
