
Microsoft Visual Studio Solution File, Format Version 12.00
# Visual Studio 15
VisualStudioVersion = 15.0.27130.2003
MinimumVisualStudioVersion = 10.0.40219.1
Project("{9092AA53-FB77-4645-B42D-1CCCA6BD08BD}") = "SAIoT WebServer", "SAIoT WebServer\SAIoT WebServer.njsproj", "{2FAC4193-BBA6-483C-9A40-9C94D43CA04C}"
EndProject
Global
	GlobalSection(SolutionConfigurationPlatforms) = preSolution
		Debug|Any CPU = Debug|Any CPU
		Release|Any CPU = Release|Any CPU
	EndGlobalSection
	GlobalSection(ProjectConfigurationPlatforms) = postSolution
		{2FAC4193-BBA6-483C-9A40-9C94D43CA04C}.Debug|Any CPU.ActiveCfg = Debug|Any CPU
		{2FAC4193-BBA6-483C-9A40-9C94D43CA04C}.Debug|Any CPU.Build.0 = Debug|Any CPU
		{2FAC4193-BBA6-483C-9A40-9C94D43CA04C}.Release|Any CPU.ActiveCfg = Release|Any CPU
		{2FAC4193-BBA6-483C-9A40-9C94D43CA04C}.Release|Any CPU.Build.0 = Release|Any CPU
	EndGlobalSection
	GlobalSection(SolutionProperties) = preSolution
		HideSolutionNode = FALSE
	EndGlobalSection
	GlobalSection(ExtensibilityGlobals) = postSolution
		SolutionGuid = {E4BEB0BF-6D15-49F8-B57A-17A5F04D21CE}
	EndGlobalSection
EndGlobal
